PODS:
  - Alamofire (4.8.0)
  - CodableAlamofire (1.1.0):
    - Alamofire (~> 4.0)
  - Kingfisher (4.10.1)

DEPENDENCIES:
  - Alamofire (~> 4.5)
  - CodableAlamofire
  - Kingfisher (~> 4.0)

SPEC REPOS:
  https://github.com/cocoapods/specs.git:
    - Alamofire
    - CodableAlamofire
    - Kingfisher

SPEC CHECKSUMS:
  Alamofire: 3ec537f71edc9804815215393ae2b1a8ea33a844
  CodableAlamofire: e2d2edcec7cf413f7862c30c8fa98eded27a83f9
  Kingfisher: c148cd7b47ebde9989f6bc7c27dcaa79d81279a0

PODFILE CHECKSUM: 788859693458efaad912eb26100b388e7d15a5e6

COCOAPODS: 1.5.3
